
Microsoft Visual Studio Solution File, Format Version 12.00
# Visual Studio Version 17
VisualStudioVersion = 17.7.34031.279
MinimumVisualStudioVersion = 10.0.40219.1
Project("{FAE04EC0-301F-11D3-BF4B-00C04F79EFBC}") = "Music_App", "Music_App.csproj", "{FDE52013-E683-4D30-95FB-99A64EEDA9CC}"
EndProject
Global
	GlobalSection(SolutionConfigurationPlatforms) = preSolution
		Debug|Any CPU = Debug|Any CPU
		Release|Any CPU = Release|Any CPU
	EndGlobalSection
	GlobalSection(ProjectConfigurationPlatforms) = postSolution
		{FDE52013-E683-4D30-95FB-99A64EEDA9CC}.Debug|Any CPU.ActiveCfg = Debug|Any CPU
		{FDE52013-E683-4D30-95FB-99A64EEDA9CC}.Debug|Any CPU.Build.0 = Debug|Any CPU
		{FDE52013-E683-4D30-95FB-99A64EEDA9CC}.Release|Any CPU.ActiveCfg = Release|Any CPU
		{FDE52013-E683-4D30-95FB-99A64EEDA9CC}.Release|Any CPU.Build.0 = Release|Any CPU
	EndGlobalSection
	GlobalSection(SolutionProperties) = preSolution
		HideSolutionNode = FALSE
	EndGlobalSection
	GlobalSection(ExtensibilityGlobals) = postSolution
		SolutionGuid = {357F6BEB-33C2-4104-9430-5BA1B647DEF0}
	EndGlobalSection
EndGlobal
